PODS:
  - fil_codec (0.0.1):
    - Flutter
  - Flutter (1.0.0)

DEPENDENCIES:
  - fil_codec (from `.symlinks/plugins/fil_codec/ios`)
  - Flutter (from `Flutter`)

EXTERNAL SOURCES:
  fil_codec:
    :path: ".symlinks/plugins/fil_codec/ios"
  Flutter:
    :path: Flutter

SPEC CHECKSUMS:
  fil_codec: b20d40a1c6b0472cb582872669d49074301c0953
  Flutter: 0e3d915762c693b495b44d77113d4970485de6ec

PODFILE CHECKSUM: aafe91acc616949ddb318b77800a7f51bffa2a4c

COCOAPODS: 1.10.1
